
Microsoft Visual Studio Solution File, Format Version 12.00
# Visual Studio Version 17
VisualStudioVersion = 17.0.31717.71
MinimumVisualStudioVersion = 10.0.40219.1
Project("{529564E7-077D-411F-9BC4-0237A73991AD}") = "NielsSchmidt.Server", "Server\NielsSchmidt.Server.csproj", "{2EE87EF7-DF48-454D-B3A8-7558F0FB6060}"
EndProject
Project("{529564E7-077D-411F-9BC4-0237A73991AD}") = "NielsSchmidt.Client", "Client\NielsSchmidt.Client.csproj", "{C162B7B8-0EB5-4A09-95C2-404CAB99DD85}"
EndProject
Project("{529564E7-077D-411F-9BC4-0237A73991AD}") = "NielsSchmidt.Shared", "Shared\NielsSchmidt.Shared.csproj", "{ABEBA15F-2559-4AEE-8C9D-D0820EE8B04A}"
EndProject
Global
	GlobalSection(SolutionConfigurationPlatforms) = preSolution
		Debug|Any CPU = Debug|Any CPU
		Release|Any CPU = Release|Any CPU
	EndGlobalSection
	GlobalSection(ProjectConfigurationPlatforms) = postSolution
		{2EE87EF7-DF48-454D-B3A8-7558F0FB6060}.Debug|Any CPU.ActiveCfg = Debug|Any CPU
		{2EE87EF7-DF48-454D-B3A8-7558F0FB6060}.Debug|Any CPU.Build.0 = Debug|Any CPU
		{2EE87EF7-DF48-454D-B3A8-7558F0FB6060}.Release|Any CPU.ActiveCfg = Release|Any CPU
		{2EE87EF7-DF48-454D-B3A8-7558F0FB6060}.Release|Any CPU.Build.0 = Release|Any CPU
		{C162B7B8-0EB5-4A09-95C2-404CAB99DD85}.Debug|Any CPU.ActiveCfg = Debug|Any CPU
		{C162B7B8-0EB5-4A09-95C2-404CAB99DD85}.Debug|Any CPU.Build.0 = Debug|Any CPU
		{C162B7B8-0EB5-4A09-95C2-404CAB99DD85}.Release|Any CPU.ActiveCfg = Release|Any CPU
		{C162B7B8-0EB5-4A09-95C2-404CAB99DD85}.Release|Any CPU.Build.0 = Release|Any CPU
		{ABEBA15F-2559-4AEE-8C9D-D0820EE8B04A}.Debug|Any CPU.ActiveCfg = Debug|Any CPU
		{ABEBA15F-2559-4AEE-8C9D-D0820EE8B04A}.Debug|Any CPU.Build.0 = Debug|Any CPU
		{ABEBA15F-2559-4AEE-8C9D-D0820EE8B04A}.Release|Any CPU.ActiveCfg = Release|Any CPU
		{ABEBA15F-2559-4AEE-8C9D-D0820EE8B04A}.Release|Any CPU.Build.0 = Release|Any CPU
	EndGlobalSection
	GlobalSection(SolutionProperties) = preSolution
		HideSolutionNode = FALSE
	EndGlobalSection
	GlobalSection(ExtensibilityGlobals) = postSolution
		SolutionGuid = {E1BDA4BF-A41C-48C3-A4C5-DBEC1C5BE166}
	EndGlobalSection
EndGlobal