
Microsoft Visual Studio Solution File, Format Version 12.00
# Visual Studio Version 17
VisualStudioVersion = 17.2.32630.192
MinimumVisualStudioVersion = 10.0.40219.1
Project("{9A19103F-16F7-4668-BE54-9A1E7A4F7556}") = "NielsSchmidt.Client", "NielsSchmidt\Client\NielsSchmidt.Client.csproj", "{DFDBCD7A-AFFA-4D1A-8871-2CD0DA39E2F7}"
EndProject
Project("{9A19103F-16F7-4668-BE54-9A1E7A4F7556}") = "NielsSchmidt.Server", "NielsSchmidt\Server\NielsSchmidt.Server.csproj", "{E4A94478-4155-4820-BD47-6EA38DC9A1FD}"
EndProject
Project("{9A19103F-16F7-4668-BE54-9A1E7A4F7556}") = "NielsSchmidt.Shared", "NielsSchmidt\Shared\NielsSchmidt.Shared.csproj", "{E3DC860C-C810-43BD-8967-CF5B62732BCB}"
EndProject
Project("{2150E333-8FDC-42A3-9474-1A3956D46DE8}") = ".Solution", ".Solution", "{01E5F7A9-2B4F-4004-B74F-3EB5D848D57D}"
	ProjectSection(SolutionItems) = preProject
		..\.github\workflows\Build_OnTag.yml = ..\.github\workflows\Build_OnTag.yml
	EndProjectSection
EndProject
Global
	GlobalSection(SolutionConfigurationPlatforms) = preSolution
		Debug|Any CPU = Debug|Any CPU
		Release|Any CPU = Release|Any CPU
	EndGlobalSection
	GlobalSection(ProjectConfigurationPlatforms) = postSolution
		{DFDBCD7A-AFFA-4D1A-8871-2CD0DA39E2F7}.Debug|Any CPU.ActiveCfg = Debug|Any CPU
		{DFDBCD7A-AFFA-4D1A-8871-2CD0DA39E2F7}.Debug|Any CPU.Build.0 = Debug|Any CPU
		{DFDBCD7A-AFFA-4D1A-8871-2CD0DA39E2F7}.Release|Any CPU.ActiveCfg = Release|Any CPU
		{DFDBCD7A-AFFA-4D1A-8871-2CD0DA39E2F7}.Release|Any CPU.Build.0 = Release|Any CPU
		{E4A94478-4155-4820-BD47-6EA38DC9A1FD}.Debug|Any CPU.ActiveCfg = Debug|Any CPU
		{E4A94478-4155-4820-BD47-6EA38DC9A1FD}.Debug|Any CPU.Build.0 = Debug|Any CPU
		{E4A94478-4155-4820-BD47-6EA38DC9A1FD}.Release|Any CPU.ActiveCfg = Release|Any CPU
		{E4A94478-4155-4820-BD47-6EA38DC9A1FD}.Release|Any CPU.Build.0 = Release|Any CPU
		{E3DC860C-C810-43BD-8967-CF5B62732BCB}.Debug|Any CPU.ActiveCfg = Debug|Any CPU
		{E3DC860C-C810-43BD-8967-CF5B62732BCB}.Debug|Any CPU.Build.0 = Debug|Any CPU
		{E3DC860C-C810-43BD-8967-CF5B62732BCB}.Release|Any CPU.ActiveCfg = Release|Any CPU
		{E3DC860C-C810-43BD-8967-CF5B62732BCB}.Release|Any CPU.Build.0 = Release|Any CPU
	EndGlobalSection
	GlobalSection(SolutionProperties) = preSolution
		HideSolutionNode = FALSE
	EndGlobalSection
	GlobalSection(ExtensibilityGlobals) = postSolution
		SolutionGuid = {A4028CFF-E6F0-4F78-861B-20CEA3F8E089}
	EndGlobalSection
EndGlobal
